
Microsoft Visual Studio Solution File, Format Version 12.00
# Visual Studio 2012
Project("{8BC9CEB8-8B4A-11D0-8D11-00A0C91BC942}") = "Keyboard", "Keyboard.vcxproj", "{03AB8CB3-A749-4078-8B83-7193EA534204}"
EndProject
Global
	GlobalSection(SolutionConfigurationPlatforms) = preSolution
		Debug|Win32 = Debug|Win32
		Release|Win32 = Release|Win32
	EndGlobalSection
	GlobalSection(ProjectConfigurationPlatforms) = postSolution
		{03AB8CB3-A749-4078-8B83-7193EA534204}.Debug|Win32.ActiveCfg = Debug|Win32
		{03AB8CB3-A749-4078-8B83-7193EA534204}.Debug|Win32.Build.0 = Debug|Win32
		{03AB8CB3-A749-4078-8B83-7193EA534204}.Release|Win32.ActiveCfg = Release|Win32
		{03AB8CB3-A749-4078-8B83-7193EA534204}.Release|Win32.Build.0 = Release|Win32
	EndGlobalSection
	GlobalSection(SolutionProperties) = preSolution
		HideSolutionNode = FALSE
	EndGlobalSection
EndGlobal
