
Microsoft Visual Studio Solution File, Format Version 12.00
# Visual Studio 2012
Project("{8BC9CEB8-8B4A-11D0-8D11-00A0C91BC942}") = "ac-client-hook", "ac-client-hook\ac-client-hook.vcxproj", "{E41C91C4-B971-44F0-8A08-825FBECD1D83}"
EndProject
Global
	GlobalSection(SolutionConfigurationPlatforms) = preSolution
		Debug|Win32 = Debug|Win32
		Release|Win32 = Release|Win32
	EndGlobalSection
	GlobalSection(ProjectConfigurationPlatforms) = postSolution
		{E41C91C4-B971-44F0-8A08-825FBECD1D83}.Debug|Win32.ActiveCfg = Debug|Win32
		{E41C91C4-B971-44F0-8A08-825FBECD1D83}.Debug|Win32.Build.0 = Debug|Win32
		{E41C91C4-B971-44F0-8A08-825FBECD1D83}.Release|Win32.ActiveCfg = Release|Win32
		{E41C91C4-B971-44F0-8A08-825FBECD1D83}.Release|Win32.Build.0 = Release|Win32
	EndGlobalSection
	GlobalSection(SolutionProperties) = preSolution
		HideSolutionNode = FALSE
	EndGlobalSection
EndGlobal
