
Microsoft Visual Studio Solution File, Format Version 12.00
# Visual Studio 15
VisualStudioVersion = 15.0.26430.15
MinimumVisualStudioVersion = 10.0.40219.1
Project("{8BC9CEB8-8B4A-11D0-8D11-00A0C91BC942}") = "Injecter", "Injecter\Injecter.vcxproj", "{BE9C6CED-E5C3-49FD-9CB6-42E13EEF0904}"
EndProject
Project("{8BC9CEB8-8B4A-11D0-8D11-00A0C91BC942}") = "Injecterdll", "..\Injecterdll\Injecterdll.vcxproj", "{385470DD-1D60-4B58-BD1B-E05541E8FBFF}"
EndProject
Global
	GlobalSection(SolutionConfigurationPlatforms) = preSolution
		Debug|x64 = Debug|x64
		Debug|x86 = Debug|x86
		Release|x64 = Release|x64
		Release|x86 = Release|x86
	EndGlobalSection
	GlobalSection(ProjectConfigurationPlatforms) = postSolution
		{BE9C6CED-E5C3-49FD-9CB6-42E13EEF0904}.Debug|x64.ActiveCfg = Debug|x64
		{BE9C6CED-E5C3-49FD-9CB6-42E13EEF0904}.Debug|x64.Build.0 = Debug|x64
		{BE9C6CED-E5C3-49FD-9CB6-42E13EEF0904}.Debug|x86.ActiveCfg = Debug|Win32
		{BE9C6CED-E5C3-49FD-9CB6-42E13EEF0904}.Debug|x86.Build.0 = Debug|Win32
		{BE9C6CED-E5C3-49FD-9CB6-42E13EEF0904}.Release|x64.ActiveCfg = Release|x64
		{BE9C6CED-E5C3-49FD-9CB6-42E13EEF0904}.Release|x64.Build.0 = Release|x64
		{BE9C6CED-E5C3-49FD-9CB6-42E13EEF0904}.Release|x86.ActiveCfg = Release|Win32
		{BE9C6CED-E5C3-49FD-9CB6-42E13EEF0904}.Release|x86.Build.0 = Release|Win32
		{385470DD-1D60-4B58-BD1B-E05541E8FBFF}.Debug|x64.ActiveCfg = Debug|x64
		{385470DD-1D60-4B58-BD1B-E05541E8FBFF}.Debug|x64.Build.0 = Debug|x64
		{385470DD-1D60-4B58-BD1B-E05541E8FBFF}.Debug|x86.ActiveCfg = Debug|Win32
		{385470DD-1D60-4B58-BD1B-E05541E8FBFF}.Debug|x86.Build.0 = Debug|Win32
		{385470DD-1D60-4B58-BD1B-E05541E8FBFF}.Release|x64.ActiveCfg = Release|x64
		{385470DD-1D60-4B58-BD1B-E05541E8FBFF}.Release|x64.Build.0 = Release|x64
		{385470DD-1D60-4B58-BD1B-E05541E8FBFF}.Release|x86.ActiveCfg = Release|Win32
		{385470DD-1D60-4B58-BD1B-E05541E8FBFF}.Release|x86.Build.0 = Release|Win32
	EndGlobalSection
	GlobalSection(SolutionProperties) = preSolution
		HideSolutionNode = FALSE
	EndGlobalSection
EndGlobal
