
Microsoft Visual Studio Solution File, Format Version 10.00
# Visual Studio 2008
Project("{8BC9CEB8-8B4A-11D0-8D11-00A0C91BC942}") = "hookdemo", "hookdemo\hookdemo.vcproj", "{5AE7CD5F-574C-4C95-A651-9D52802A5B85}"
EndProject
Global
	GlobalSection(SolutionConfigurationPlatforms) = preSolution
		Debug|Win32 = Debug|Win32
		Release|Win32 = Release|Win32
	EndGlobalSection
	GlobalSection(ProjectConfigurationPlatforms) = postSolution
		{5AE7CD5F-574C-4C95-A651-9D52802A5B85}.Debug|Win32.ActiveCfg = Debug|Win32
		{5AE7CD5F-574C-4C95-A651-9D52802A5B85}.Debug|Win32.Build.0 = Debug|Win32
		{5AE7CD5F-574C-4C95-A651-9D52802A5B85}.Release|Win32.ActiveCfg = Release|Win32
		{5AE7CD5F-574C-4C95-A651-9D52802A5B85}.Release|Win32.Build.0 = Release|Win32
	EndGlobalSection
	GlobalSection(SolutionProperties) = preSolution
		HideSolutionNode = FALSE
	EndGlobalSection
EndGlobal
